
Microsoft Visual Studio Solution File, Format Version 12.00
# Visual Studio Version 17
VisualStudioVersion = 17.0.31903.59
MinimumVisualStudioVersion = 10.0.40219.1
Project("{2150E333-8FDC-42A3-9474-1A3956D46DE8}") = "src", "src", "{827E0CD3-B72D-47B6-A68D-7590B98EB39B}"
EndProject
Project("{FAE04EC0-301F-11D3-BF4B-00C04F79EFBC}") = "Clywell.Core.Cqrs", "src\Clywell.Core.Cqrs\Clywell.Core.Cqrs.csproj", "{094786E8-EB6A-4AFD-8D32-98CA2A6163F2}"
EndProject
Project("{2150E333-8FDC-42A3-9474-1A3956D46DE8}") = "tests", "tests", "{0AB3BF05-4346-4AA6-1389-037BE0695223}"
EndProject
Project("{FAE04EC0-301F-11D3-BF4B-00C04F79EFBC}") = "Clywell.Core.Cqrs.Tests", "tests\Clywell.Core.Cqrs.Tests\Clywell.Core.Cqrs.Tests.csproj", "{0EC66A5B-8C89-4144-A66C-87C415D7B179}"
EndProject
Project("{FAE04EC0-301F-11D3-BF4B-00C04F79EFBC}") = "Clywell.Core.Cqrs.Generators", "src\Clywell.Core.Cqrs.Generators\Clywell.Core.Cqrs.Generators.csproj", "{F80B8A8A-5E04-41F7-B370-7ED96713449A}"
EndProject
Project("{FAE04EC0-301F-11D3-BF4B-00C04F79EFBC}") = "Clywell.Core.Cqrs.Generators.Tests", "tests\Clywell.Core.Cqrs.Generators.Tests\Clywell.Core.Cqrs.Generators.Tests.csproj", "{B20CE180-BA07-4A53-995B-4B3700406C9F}"
EndProject
Project("{FAE04EC0-301F-11D3-BF4B-00C04F79EFBC}") = "Clywell.Core.Cqrs.FluentValidation", "src\Clywell.Core.Cqrs.FluentValidation\Clywell.Core.Cqrs.FluentValidation.csproj", "{EF61E71D-F43D-4CB1-A8EF-BB7B7FC0B804}"
EndProject
Project("{FAE04EC0-301F-11D3-BF4B-00C04F79EFBC}") = "Clywell.Core.Cqrs.FluentValidation.Tests", "tests\Clywell.Core.Cqrs.FluentValidation.Tests\Clywell.Core.Cqrs.FluentValidation.Tests.csproj", "{B1AAEC31-75E8-4646-80C9-6FA087B2DD19}"
EndProject
Project("{2150E333-8FDC-42A3-9474-1A3956D46DE8}") = "samples", "samples", "{5D20AA90-6969-D8BD-9DCD-8634F4692FDA}"
EndProject
Project("{FAE04EC0-301F-11D3-BF4B-00C04F79EFBC}") = "Clywell.Core.Cqrs.Sample", "samples\Clywell.Core.Cqrs.Sample\Clywell.Core.Cqrs.Sample.csproj", "{52DC3E2C-2793-4D7B-A232-EEFB4EC8113A}"
EndProject
Global
	GlobalSection(SolutionConfigurationPlatforms) = preSolution
		Debug|Any CPU = Debug|Any CPU
		Debug|x64 = Debug|x64
		Debug|x86 = Debug|x86
		Release|Any CPU = Release|Any CPU
		Release|x64 = Release|x64
		Release|x86 = Release|x86
	EndGlobalSection
	GlobalSection(ProjectConfigurationPlatforms) = postSolution
		{094786E8-EB6A-4AFD-8D32-98CA2A6163F2}.Debug|Any CPU.ActiveCfg = Debug|Any CPU
		{094786E8-EB6A-4AFD-8D32-98CA2A6163F2}.Debug|Any CPU.Build.0 = Debug|Any CPU
		{094786E8-EB6A-4AFD-8D32-98CA2A6163F2}.Debug|x64.ActiveCfg = Debug|Any CPU
		{094786E8-EB6A-4AFD-8D32-98CA2A6163F2}.Debug|x64.Build.0 = Debug|Any CPU
		{094786E8-EB6A-4AFD-8D32-98CA2A6163F2}.Debug|x86.ActiveCfg = Debug|Any CPU
		{094786E8-EB6A-4AFD-8D32-98CA2A6163F2}.Debug|x86.Build.0 = Debug|Any CPU
		{094786E8-EB6A-4AFD-8D32-98CA2A6163F2}.Release|Any CPU.ActiveCfg = Release|Any CPU
		{094786E8-EB6A-4AFD-8D32-98CA2A6163F2}.Release|Any CPU.Build.0 = Release|Any CPU
		{094786E8-EB6A-4AFD-8D32-98CA2A6163F2}.Release|x64.ActiveCfg = Release|Any CPU
		{094786E8-EB6A-4AFD-8D32-98CA2A6163F2}.Release|x64.Build.0 = Release|Any CPU
		{094786E8-EB6A-4AFD-8D32-98CA2A6163F2}.Release|x86.ActiveCfg = Release|Any CPU
		{094786E8-EB6A-4AFD-8D32-98CA2A6163F2}.Release|x86.Build.0 = Release|Any CPU
		{0EC66A5B-8C89-4144-A66C-87C415D7B179}.Debug|Any CPU.ActiveCfg = Debug|Any CPU
		{0EC66A5B-8C89-4144-A66C-87C415D7B179}.Debug|Any CPU.Build.0 = Debug|Any CPU
		{0EC66A5B-8C89-4144-A66C-87C415D7B179}.Debug|x64.ActiveCfg = Debug|Any CPU
		{0EC66A5B-8C89-4144-A66C-87C415D7B179}.Debug|x64.Build.0 = Debug|Any CPU
		{0EC66A5B-8C89-4144-A66C-87C415D7B179}.Debug|x86.ActiveCfg = Debug|Any CPU
		{0EC66A5B-8C89-4144-A66C-87C415D7B179}.Debug|x86.Build.0 = Debug|Any CPU
		{0EC66A5B-8C89-4144-A66C-87C415D7B179}.Release|Any CPU.ActiveCfg = Release|Any CPU
		{0EC66A5B-8C89-4144-A66C-87C415D7B179}.Release|Any CPU.Build.0 = Release|Any CPU
		{0EC66A5B-8C89-4144-A66C-87C415D7B179}.Release|x64.ActiveCfg = Release|Any CPU
		{0EC66A5B-8C89-4144-A66C-87C415D7B179}.Release|x64.Build.0 = Release|Any CPU
		{0EC66A5B-8C89-4144-A66C-87C415D7B179}.Release|x86.ActiveCfg = Release|Any CPU
		{0EC66A5B-8C89-4144-A66C-87C415D7B179}.Release|x86.Build.0 = Release|Any CPU
		{F80B8A8A-5E04-41F7-B370-7ED96713449A}.Debug|Any CPU.ActiveCfg = Debug|Any CPU
		{F80B8A8A-5E04-41F7-B370-7ED96713449A}.Debug|Any CPU.Build.0 = Debug|Any CPU
		{F80B8A8A-5E04-41F7-B370-7ED96713449A}.Debug|x64.ActiveCfg = Debug|Any CPU
		{F80B8A8A-5E04-41F7-B370-7ED96713449A}.Debug|x64.Build.0 = Debug|Any CPU
		{F80B8A8A-5E04-41F7-B370-7ED96713449A}.Debug|x86.ActiveCfg = Debug|Any CPU
		{F80B8A8A-5E04-41F7-B370-7ED96713449A}.Debug|x86.Build.0 = Debug|Any CPU
		{F80B8A8A-5E04-41F7-B370-7ED96713449A}.Release|Any CPU.ActiveCfg = Release|Any CPU
		{F80B8A8A-5E04-41F7-B370-7ED96713449A}.Release|Any CPU.Build.0 = Release|Any CPU
		{F80B8A8A-5E04-41F7-B370-7ED96713449A}.Release|x64.ActiveCfg = Release|Any CPU
		{F80B8A8A-5E04-41F7-B370-7ED96713449A}.Release|x64.Build.0 = Release|Any CPU
		{F80B8A8A-5E04-41F7-B370-7ED96713449A}.Release|x86.ActiveCfg = Release|Any CPU
		{F80B8A8A-5E04-41F7-B370-7ED96713449A}.Release|x86.Build.0 = Release|Any CPU
		{B20CE180-BA07-4A53-995B-4B3700406C9F}.Debug|Any CPU.ActiveCfg = Debug|Any CPU
		{B20CE180-BA07-4A53-995B-4B3700406C9F}.Debug|Any CPU.Build.0 = Debug|Any CPU
		{B20CE180-BA07-4A53-995B-4B3700406C9F}.Debug|x64.ActiveCfg = Debug|Any CPU
		{B20CE180-BA07-4A53-995B-4B3700406C9F}.Debug|x64.Build.0 = Debug|Any CPU
		{B20CE180-BA07-4A53-995B-4B3700406C9F}.Debug|x86.ActiveCfg = Debug|Any CPU
		{B20CE180-BA07-4A53-995B-4B3700406C9F}.Debug|x86.Build.0 = Debug|Any CPU
		{B20CE180-BA07-4A53-995B-4B3700406C9F}.Release|Any CPU.ActiveCfg = Release|Any CPU
		{B20CE180-BA07-4A53-995B-4B3700406C9F}.Release|Any CPU.Build.0 = Release|Any CPU
		{B20CE180-BA07-4A53-995B-4B3700406C9F}.Release|x64.ActiveCfg = Release|Any CPU
		{B20CE180-BA07-4A53-995B-4B3700406C9F}.Release|x64.Build.0 = Release|Any CPU
		{B20CE180-BA07-4A53-995B-4B3700406C9F}.Release|x86.ActiveCfg = Release|Any CPU
		{B20CE180-BA07-4A53-995B-4B3700406C9F}.Release|x86.Build.0 = Release|Any CPU
		{EF61E71D-F43D-4CB1-A8EF-BB7B7FC0B804}.Debug|Any CPU.ActiveCfg = Debug|Any CPU
		{EF61E71D-F43D-4CB1-A8EF-BB7B7FC0B804}.Debug|Any CPU.Build.0 = Debug|Any CPU
		{EF61E71D-F43D-4CB1-A8EF-BB7B7FC0B804}.Debug|x64.ActiveCfg = Debug|Any CPU
		{EF61E71D-F43D-4CB1-A8EF-BB7B7FC0B804}.Debug|x64.Build.0 = Debug|Any CPU
		{EF61E71D-F43D-4CB1-A8EF-BB7B7FC0B804}.Debug|x86.ActiveCfg = Debug|Any CPU
		{EF61E71D-F43D-4CB1-A8EF-BB7B7FC0B804}.Debug|x86.Build.0 = Debug|Any CPU
		{EF61E71D-F43D-4CB1-A8EF-BB7B7FC0B804}.Release|Any CPU.ActiveCfg = Release|Any CPU
		{EF61E71D-F43D-4CB1-A8EF-BB7B7FC0B804}.Release|Any CPU.Build.0 = Release|Any CPU
		{EF61E71D-F43D-4CB1-A8EF-BB7B7FC0B804}.Release|x64.ActiveCfg = Release|Any CPU
		{EF61E71D-F43D-4CB1-A8EF-BB7B7FC0B804}.Release|x64.Build.0 = Release|Any CPU
		{EF61E71D-F43D-4CB1-A8EF-BB7B7FC0B804}.Release|x86.ActiveCfg = Release|Any CPU
		{EF61E71D-F43D-4CB1-A8EF-BB7B7FC0B804}.Release|x86.Build.0 = Release|Any CPU
		{B1AAEC31-75E8-4646-80C9-6FA087B2DD19}.Debug|Any CPU.ActiveCfg = Debug|Any CPU
		{B1AAEC31-75E8-4646-80C9-6FA087B2DD19}.Debug|Any CPU.Build.0 = Debug|Any CPU
		{B1AAEC31-75E8-4646-80C9-6FA087B2DD19}.Debug|x64.ActiveCfg = Debug|Any CPU
		{B1AAEC31-75E8-4646-80C9-6FA087B2DD19}.Debug|x64.Build.0 = Debug|Any CPU
		{B1AAEC31-75E8-4646-80C9-6FA087B2DD19}.Debug|x86.ActiveCfg = Debug|Any CPU
		{B1AAEC31-75E8-4646-80C9-6FA087B2DD19}.Debug|x86.Build.0 = Debug|Any CPU
		{B1AAEC31-75E8-4646-80C9-6FA087B2DD19}.Release|Any CPU.ActiveCfg = Release|Any CPU
		{B1AAEC31-75E8-4646-80C9-6FA087B2DD19}.Release|Any CPU.Build.0 = Release|Any CPU
		{B1AAEC31-75E8-4646-80C9-6FA087B2DD19}.Release|x64.ActiveCfg = Release|Any CPU
		{B1AAEC31-75E8-4646-80C9-6FA087B2DD19}.Release|x64.Build.0 = Release|Any CPU
		{B1AAEC31-75E8-4646-80C9-6FA087B2DD19}.Release|x86.ActiveCfg = Release|Any CPU
		{B1AAEC31-75E8-4646-80C9-6FA087B2DD19}.Release|x86.Build.0 = Release|Any CPU
		{52DC3E2C-2793-4D7B-A232-EEFB4EC8113A}.Debug|Any CPU.ActiveCfg = Debug|Any CPU
		{52DC3E2C-2793-4D7B-A232-EEFB4EC8113A}.Debug|Any CPU.Build.0 = Debug|Any CPU
		{52DC3E2C-2793-4D7B-A232-EEFB4EC8113A}.Debug|x64.ActiveCfg = Debug|Any CPU
		{52DC3E2C-2793-4D7B-A232-EEFB4EC8113A}.Debug|x64.Build.0 = Debug|Any CPU
		{52DC3E2C-2793-4D7B-A232-EEFB4EC8113A}.Debug|x86.ActiveCfg = Debug|Any CPU
		{52DC3E2C-2793-4D7B-A232-EEFB4EC8113A}.Debug|x86.Build.0 = Debug|Any CPU
		{52DC3E2C-2793-4D7B-A232-EEFB4EC8113A}.Release|Any CPU.ActiveCfg = Release|Any CPU
		{52DC3E2C-2793-4D7B-A232-EEFB4EC8113A}.Release|Any CPU.Build.0 = Release|Any CPU
		{52DC3E2C-2793-4D7B-A232-EEFB4EC8113A}.Release|x64.ActiveCfg = Release|Any CPU
		{52DC3E2C-2793-4D7B-A232-EEFB4EC8113A}.Release|x64.Build.0 = Release|Any CPU
		{52DC3E2C-2793-4D7B-A232-EEFB4EC8113A}.Release|x86.ActiveCfg = Release|Any CPU
		{52DC3E2C-2793-4D7B-A232-EEFB4EC8113A}.Release|x86.Build.0 = Release|Any CPU
	EndGlobalSection
	GlobalSection(SolutionProperties) = preSolution
		HideSolutionNode = FALSE
	EndGlobalSection
	GlobalSection(NestedProjects) = preSolution
		{094786E8-EB6A-4AFD-8D32-98CA2A6163F2} = {827E0CD3-B72D-47B6-A68D-7590B98EB39B}
		{0EC66A5B-8C89-4144-A66C-87C415D7B179} = {0AB3BF05-4346-4AA6-1389-037BE0695223}
		{F80B8A8A-5E04-41F7-B370-7ED96713449A} = {827E0CD3-B72D-47B6-A68D-7590B98EB39B}
		{B20CE180-BA07-4A53-995B-4B3700406C9F} = {0AB3BF05-4346-4AA6-1389-037BE0695223}
		{EF61E71D-F43D-4CB1-A8EF-BB7B7FC0B804} = {827E0CD3-B72D-47B6-A68D-7590B98EB39B}
		{B1AAEC31-75E8-4646-80C9-6FA087B2DD19} = {0AB3BF05-4346-4AA6-1389-037BE0695223}
		{52DC3E2C-2793-4D7B-A232-EEFB4EC8113A} = {5D20AA90-6969-D8BD-9DCD-8634F4692FDA}
	EndGlobalSection
EndGlobal
